
Microsoft Visual Studio Solution File, Format Version 12.00
# Visual Studio 15
VisualStudioVersion = 15.0.28307.1340
MinimumVisualStudioVersion = 10.0.40219.1
Project("{FAE04EC0-301F-11D3-BF4B-00C04F79EFBC}") = "GetMimeType", "GetMimeType\GetMimeType.csproj", "{9AD90224-2982-48A5-893E-5223C9BF6F5A}"
EndProject
Global
	GlobalSection(SolutionConfigurationPlatforms) = preSolution
		Debug|Any CPU = Debug|Any CPU
		Release|Any CPU = Release|Any CPU
	EndGlobalSection
	GlobalSection(ProjectConfigurationPlatforms) = postSolution
		{9AD90224-2982-48A5-893E-5223C9BF6F5A}.Debug|Any CPU.ActiveCfg = Debug|Any CPU
		{9AD90224-2982-48A5-893E-5223C9BF6F5A}.Debug|Any CPU.Build.0 = Debug|Any CPU
		{9AD90224-2982-48A5-893E-5223C9BF6F5A}.Release|Any CPU.ActiveCfg = Release|Any CPU
		{9AD90224-2982-48A5-893E-5223C9BF6F5A}.Release|Any CPU.Build.0 = Release|Any CPU
	EndGlobalSection
	GlobalSection(SolutionProperties) = preSolution
		HideSolutionNode = FALSE
	EndGlobalSection
	GlobalSection(ExtensibilityGlobals) = postSolution
		SolutionGuid = {54C0E835-F86F-4AB9-B997-A307276C6567}
	EndGlobalSection
EndGlobal
